// !$*UTF8*$!
{
	archiveVersion = 1;
	classes = {
	};
	objectVersion = 55;
	objects = {

/* Begin PBXBuildFile section */
		690E052328180EB4001B215F /* AppDelegate.swift in Sources */ = {isa = PBXBuildFile; fileRef = 690E052228180EB4001B215F /* AppDelegate.swift */; };
		690E052528180EB4001B215F /* SceneDelegate.swift in Sources */ = {isa = PBXBuildFile; fileRef = 690E052428180EB4001B215F /* SceneDelegate.swift */; };
		690E052728180EB4001B215F /* HomeViewController.swift in Sources */ = {isa = PBXBuildFile; fileRef = 690E052628180EB4001B215F /* HomeViewController.swift */; };
		690E052A28180EB4001B215F /* Main.storyboard in Resources */ = {isa = PBXBuildFile; fileRef = 690E052828180EB4001B215F /* Main.storyboard */; };
		690E052C28180EB7001B215F /* Assets.xcassets in Resources */ = {isa = PBXBuildFile; fileRef = 690E052B28180EB7001B215F /* Assets.xcassets */; };
		690E052F28180EB7001B215F /* LaunchScreen.storyboard in Resources */ = {isa = PBXBuildFile; fileRef = 690E052D28180EB7001B215F /* LaunchScreen.storyboard */; };
		690E053D281810C7001B215F /* ExploreViewController.swift in Sources */ = {isa = PBXBuildFile; fileRef = 690E053C281810C7001B215F /* ExploreViewController.swift */; };
		690E053F281810D7001B215F /* CameraViewController.swift in Sources */ = {isa = PBXBuildFile; fileRef = 690E053E281810D7001B215F /* CameraViewController.swift */; };
		690E054128181101001B215F /* ProfileViewController.swift in Sources */ = {isa = PBXBuildFile; fileRef = 690E054028181101001B215F /* ProfileViewController.swift */; };
		690E05432818111C001B215F /* NotificationViewController.swift in Sources */ = {isa = PBXBuildFile; fileRef = 690E05422818111C001B215F /* NotificationViewController.swift */; };
		690E054828181210001B215F /* LoginViewController.swift in Sources */ = {isa = PBXBuildFile; fileRef = 690E054728181210001B215F /* LoginViewController.swift */; };
		690E054A2818123A001B215F /* RegistrationViewController.swift in Sources */ = {isa = PBXBuildFile; fileRef = 690E05492818123A001B215F /* RegistrationViewController.swift */; };
		690E054C281812F4001B215F /* PostViewController.swift in Sources */ = {isa = PBXBuildFile; fileRef = 690E054B281812F4001B215F /* PostViewController.swift */; };
		690E054E28181434001B215F /* EditProfileViewController.swift in Sources */ = {isa = PBXBuildFile; fileRef = 690E054D28181434001B215F /* EditProfileViewController.swift */; };
		690E055028181443001B215F /* SettingsViewController.swift in Sources */ = {isa = PBXBuildFile; fileRef = 690E054F28181443001B215F /* SettingsViewController.swift */; };
		690E0552281814DB001B215F /* ListViewController.swift in Sources */ = {isa = PBXBuildFile; fileRef = 690E0551281814DB001B215F /* ListViewController.swift */; };
		690E0554281814EA001B215F /* SearchViewController.swift in Sources */ = {isa = PBXBuildFile; fileRef = 690E0553281814EA001B215F /* SearchViewController.swift */; };
		690E0556281814FD001B215F /* SearchResultViewController.swift in Sources */ = {isa = PBXBuildFile; fileRef = 690E0555281814FD001B215F /* SearchResultViewController.swift */; };
		690E055828181575001B215F /* PostEditorViewController.swift in Sources */ = {isa = PBXBuildFile; fileRef = 690E055728181575001B215F /* PostEditorViewController.swift */; };
		690E055A28181589001B215F /* PublishPostViewController.swift in Sources */ = {isa = PBXBuildFile; fileRef = 690E055928181589001B215F /* PublishPostViewController.swift */; };
		690E055C28190E71001B215F /* GoogleService-Info.plist in Resources */ = {isa = PBXBuildFile; fileRef = 690E055B28190E71001B215F /* GoogleService-Info.plist */; };
		690E0561281919D6001B215F /* DatabaseManager.swift in Sources */ = {isa = PBXBuildFile; fileRef = 690E0560281919D6001B215F /* DatabaseManager.swift */; };
		690E056328191BB1001B215F /* AuthManager.swift in Sources */ = {isa = PBXBuildFile; fileRef = 690E056228191BB1001B215F /* AuthManager.swift */; };
		690E056528191D77001B215F /* StorageManager.swift in Sources */ = {isa = PBXBuildFile; fileRef = 690E056428191D77001B215F /* StorageManager.swift */; };
		A7870199AAA915B789D56803 /* Pods_instagramLikeApp.framework in Frameworks */ = {isa = PBXBuildFile; fileRef = C1D325E00F564A04F4DD311F /* Pods_instagramLikeApp.framework */; };
/* End PBXBuildFile section */

/* Begin PBXFileReference section */
		690E051F28180EB4001B215F /* instagramLikeApp.app */ = {isa = PBXFileReference; explicitFileType = wrapper.application; includeInIndex = 0; path = instagramLikeApp.app; sourceTree = BUILT_PRODUCTS_DIR; };
		690E052228180EB4001B215F /* AppDelegate.swift */ = {isa = PBXFileReference; lastKnownFileType = sourcecode.swift; path = AppDelegate.swift; sourceTree = "<group>"; };
		690E052428180EB4001B215F /* SceneDelegate.swift */ = {isa = PBXFileReference; lastKnownFileType = sourcecode.swift; path = SceneDelegate.swift; sourceTree = "<group>"; };
		690E052628180EB4001B215F /* HomeViewController.swift */ = {isa = PBXFileReference; lastKnownFileType = sourcecode.swift; path = HomeViewController.swift; sourceTree = "<group>"; };
		690E052928180EB4001B215F /* Base */ = {isa = PBXFileReference; lastKnownFileType = file.storyboard; name = Base; path = Base.lproj/Main.storyboard; sourceTree = "<group>"; };
		690E052B28180EB7001B215F /* Assets.xcassets */ = {isa = PBXFileReference; lastKnownFileType = folder.assetcatalog; path = Assets.xcassets; sourceTree = "<group>"; };
		690E052E28180EB7001B215F /* Base */ = {isa = PBXFileReference; lastKnownFileType = file.storyboard; name = Base; path = Base.lproj/LaunchScreen.storyboard; sourceTree = "<group>"; };
		690E053028180EB7001B215F /* Info.plist */ = {isa = PBXFileReference; lastKnownFileType = text.plist.xml; path = Info.plist; sourceTree = "<group>"; };
		690E053C281810C7001B215F /* ExploreViewController.swift */ = {isa = PBXFileReference; lastKnownFileType = sourcecode.swift; path = ExploreViewController.swift; sourceTree = "<group>"; };
		690E053E281810D7001B215F /* CameraViewController.swift */ = {isa = PBXFileReference; lastKnownFileType = sourcecode.swift; path = CameraViewController.swift; sourceTree = "<group>"; };
		690E054028181101001B215F /* ProfileViewController.swift */ = {isa = PBXFileReference; lastKnownFileType = sourcecode.swift; path = ProfileViewController.swift; sourceTree = "<group>"; };
		690E05422818111C001B215F /* NotificationViewController.swift */ = {isa = PBXFileReference; lastKnownFileType = sourcecode.swift; path = NotificationViewController.swift; sourceTree = "<group>"; };
		690E054728181210001B215F /* LoginViewController.swift */ = {isa = PBXFileReference; lastKnownFileType = sourcecode.swift; path = LoginViewController.swift; sourceTree = "<group>"; };
		690E05492818123A001B215F /* RegistrationViewController.swift */ = {isa = PBXFileReference; lastKnownFileType = sourcecode.swift; path = RegistrationViewController.swift; sourceTree = "<group>"; };
		690E054B281812F4001B215F /* PostViewController.swift */ = {isa = PBXFileReference; lastKnownFileType = sourcecode.swift; path = PostViewController.swift; sourceTree = "<group>"; };
		690E054D28181434001B215F /* EditProfileViewController.swift */ = {isa = PBXFileReference; lastKnownFileType = sourcecode.swift; path = EditProfileViewController.swift; sourceTree = "<group>"; };
		690E054F28181443001B215F /* SettingsViewController.swift */ = {isa = PBXFileReference; lastKnownFileType = sourcecode.swift; path = SettingsViewController.swift; sourceTree = "<group>"; };
		690E0551281814DB001B215F /* ListViewController.swift */ = {isa = PBXFileReference; lastKnownFileType = sourcecode.swift; path = ListViewController.swift; sourceTree = "<group>"; };
		690E0553281814EA001B215F /* SearchViewController.swift */ = {isa = PBXFileReference; lastKnownFileType = sourcecode.swift; path = SearchViewController.swift; sourceTree = "<group>"; };
		690E0555281814FD001B215F /* SearchResultViewController.swift */ = {isa = PBXFileReference; lastKnownFileType = sourcecode.swift; path = SearchResultViewController.swift; sourceTree = "<group>"; };
		690E055728181575001B215F /* PostEditorViewController.swift */ = {isa = PBXFileReference; lastKnownFileType = sourcecode.swift; path = PostEditorViewController.swift; sourceTree = "<group>"; };
		690E055928181589001B215F /* PublishPostViewController.swift */ = {isa = PBXFileReference; lastKnownFileType = sourcecode.swift; path = PublishPostViewController.swift; sourceTree = "<group>"; };
		690E055B28190E71001B215F /* GoogleService-Info.plist */ = {isa = PBXFileReference; fileEncoding = 4; lastKnownFileType = text.plist.xml; path = "GoogleService-Info.plist"; sourceTree = "<group>"; };
		690E0560281919D6001B215F /* DatabaseManager.swift */ = {isa = PBXFileReference; lastKnownFileType = sourcecode.swift; path = DatabaseManager.swift; sourceTree = "<group>"; };
		690E056228191BB1001B215F /* AuthManager.swift */ = {isa = PBXFileReference; lastKnownFileType = sourcecode.swift; path = AuthManager.swift; sourceTree = "<group>"; };
		690E056428191D77001B215F /* StorageManager.swift */ = {isa = PBXFileReference; lastKnownFileType = sourcecode.swift; path = StorageManager.swift; sourceTree = "<group>"; };
		C018DB767A42FD8EA614DA87 /* Pods-instagramLikeApp.release.xcconfig */ = {isa = PBXFileReference; includeInIndex = 1; lastKnownFileType = text.xcconfig; name = "Pods-instagramLikeApp.release.xcconfig"; path = "Target Support Files/Pods-instagramLikeApp/Pods-instagramLikeApp.release.xcconfig"; sourceTree = "<group>"; };
		C1D325E00F564A04F4DD311F /* Pods_instagramLikeApp.framework */ = {isa = PBXFileReference; explicitFileType = wrapper.framework; includeInIndex = 0; path = Pods_instagramLikeApp.framework; sourceTree = BUILT_PRODUCTS_DIR; };
		E464B57A57E544F8AE94AB07 /* Pods-instagramLikeApp.debug.xcconfig */ = {isa = PBXFileReference; includeInIndex = 1; lastKnownFileType = text.xcconfig; name = "Pods-instagramLikeApp.debug.xcconfig"; path = "Target Support Files/Pods-instagramLikeApp/Pods-instagramLikeApp.debug.xcconfig"; sourceTree = "<group>"; };
/* End PBXFileReference section */

/* Begin PBXFrameworksBuildPhase section */
		690E051C28180EB4001B215F /* Frameworks */ = {
			isa = PBXFrameworksBuildPhase;
			buildActionMask = 2147483647;
			files = (
				A7870199AAA915B789D56803 /* Pods_instagramLikeApp.framework in Frameworks */,
			);
			runOnlyForDeploymentPostprocessing = 0;
		};
/* End PBXFrameworksBuildPhase section */

/* Begin PBXGroup section */
		011015C6B6152DEDF704BEB2 /* Frameworks */ = {
			isa = PBXGroup;
			children = (
				C1D325E00F564A04F4DD311F /* Pods_instagramLikeApp.framework */,
			);
			name = Frameworks;
			sourceTree = "<group>";
		};
		441ADFE5BDB377BB6B628ABF /* Pods */ = {
			isa = PBXGroup;
			children = (
				E464B57A57E544F8AE94AB07 /* Pods-instagramLikeApp.debug.xcconfig */,
				C018DB767A42FD8EA614DA87 /* Pods-instagramLikeApp.release.xcconfig */,
			);
			path = Pods;
			sourceTree = "<group>";
		};
		690E051628180EB4001B215F = {
			isa = PBXGroup;
			children = (
				690E052128180EB4001B215F /* instagramLikeApp */,
				690E052028180EB4001B215F /* Products */,
				441ADFE5BDB377BB6B628ABF /* Pods */,
				011015C6B6152DEDF704BEB2 /* Frameworks */,
			);
			sourceTree = "<group>";
		};
		690E052028180EB4001B215F /* Products */ = {
			isa = PBXGroup;
			children = (
				690E051F28180EB4001B215F /* instagramLikeApp.app */,
			);
			name = Products;
			sourceTree = "<group>";
		};
		690E052128180EB4001B215F /* instagramLikeApp */ = {
			isa = PBXGroup;
			children = (
				690E053A28180EF6001B215F /* Models */,
				690E053928180EE6001B215F /* Resources */,
				690E053728180ED1001B215F /* Views */,
				690E053628180EC6001B215F /* Controllers */,
				690E053028180EB7001B215F /* Info.plist */,
			);
			path = instagramLikeApp;
			sourceTree = "<group>";
		};
		690E053628180EC6001B215F /* Controllers */ = {
			isa = PBXGroup;
			children = (
				690E0545281811EB001B215F /* Other */,
				690E054428181186001B215F /* CoreTabs */,
			);
			path = Controllers;
			sourceTree = "<group>";
		};
		690E053728180ED1001B215F /* Views */ = {
			isa = PBXGroup;
			children = (
				690E052B28180EB7001B215F /* Assets.xcassets */,
				690E053B28180F3F001B215F /* Storyboard */,
			);
			path = Views;
			sourceTree = "<group>";
		};
		690E053928180EE6001B215F /* Resources */ = {
			isa = PBXGroup;
			children = (
				690E052228180EB4001B215F /* AppDelegate.swift */,
				690E052428180EB4001B215F /* SceneDelegate.swift */,
				690E0560281919D6001B215F /* DatabaseManager.swift */,
				690E056228191BB1001B215F /* AuthManager.swift */,
				690E056428191D77001B215F /* StorageManager.swift */,
				690E055B28190E71001B215F /* GoogleService-Info.plist */,
			);
			path = Resources;
			sourceTree = "<group>";
		};
		690E053A28180EF6001B215F /* Models */ = {
			isa = PBXGroup;
			children = (
			);
			path = Models;
			sourceTree = "<group>";
		};
		690E053B28180F3F001B215F /* Storyboard */ = {
			isa = PBXGroup;
			children = (
				690E052828180EB4001B215F /* Main.storyboard */,
				690E052D28180EB7001B215F /* LaunchScreen.storyboard */,
			);
			path = Storyboard;
			sourceTree = "<group>";
		};
		690E054428181186001B215F /* CoreTabs */ = {
			isa = PBXGroup;
			children = (
				690E052628180EB4001B215F /* HomeViewController.swift */,
				690E053C281810C7001B215F /* ExploreViewController.swift */,
				690E053E281810D7001B215F /* CameraViewController.swift */,
				690E05422818111C001B215F /* NotificationViewController.swift */,
				690E054028181101001B215F /* ProfileViewController.swift */,
			);
			path = CoreTabs;
			sourceTree = "<group>";
		};
		690E0545281811EB001B215F /* Other */ = {
			isa = PBXGroup;
			children = (
				690E0546281811F4001B215F /* Onboarding */,
				690E055F2819189D001B215F /* General */,
			);
			path = Other;
			sourceTree = "<group>";
		};
		690E0546281811F4001B215F /* Onboarding */ = {
			isa = PBXGroup;
			children = (
				690E054728181210001B215F /* LoginViewController.swift */,
				690E05492818123A001B215F /* RegistrationViewController.swift */,
			);
			path = Onboarding;
			sourceTree = "<group>";
		};
		690E055F2819189D001B215F /* General */ = {
			isa = PBXGroup;
			children = (
				690E054B281812F4001B215F /* PostViewController.swift */,
				690E054D28181434001B215F /* EditProfileViewController.swift */,
				690E054F28181443001B215F /* SettingsViewController.swift */,
				690E0551281814DB001B215F /* ListViewController.swift */,
				690E0553281814EA001B215F /* SearchViewController.swift */,
				690E0555281814FD001B215F /* SearchResultViewController.swift */,
				690E055728181575001B215F /* PostEditorViewController.swift */,
				690E055928181589001B215F /* PublishPostViewController.swift */,
			);
			path = General;
			sourceTree = "<group>";
		};
/* End PBXGroup section */

/* Begin PBXNativeTarget section */
		690E051E28180EB4001B215F /* instagramLikeApp */ = {
			isa = PBXNativeTarget;
			buildConfigurationList = 690E053328180EB7001B215F /* Build configuration list for PBXNativeTarget "instagramLikeApp" */;
			buildPhases = (
				E7A6E65637965E48638B3999 /* [CP] Check Pods Manifest.lock */,
				690E051B28180EB4001B215F /* Sources */,
				690E051C28180EB4001B215F /* Frameworks */,
				690E051D28180EB4001B215F /* Resources */,
				C697AFE717AF8DBDD57CD110 /* [CP] Embed Pods Frameworks */,
			);
			buildRules = (
			);
			dependencies = (
			);
			name = instagramLikeApp;
			productName = instagramLikeApp;
			productReference = 690E051F28180EB4001B215F /* instagramLikeApp.app */;
			productType = "com.apple.product-type.application";
		};
/* End PBXNativeTarget section */

/* Begin PBXProject section */
		690E051728180EB4001B215F /* Project object */ = {
			isa = PBXProject;
			attributes = {
				BuildIndependentTargetsInParallel = 1;
				LastSwiftUpdateCheck = 1330;
				LastUpgradeCheck = 1330;
				TargetAttributes = {
					690E051E28180EB4001B215F = {
						CreatedOnToolsVersion = 13.3.1;
					};
				};
			};
			buildConfigurationList = 690E051A28180EB4001B215F /* Build configuration list for PBXProject "instagramLikeApp" */;
			compatibilityVersion = "Xcode 13.0";
			developmentRegion = en;
			hasScannedForEncodings = 0;
			knownRegions = (
				en,
				Base,
			);
			mainGroup = 690E051628180EB4001B215F;
			productRefGroup = 690E052028180EB4001B215F /* Products */;
			projectDirPath = "";
			projectRoot = "";
			targets = (
				690E051E28180EB4001B215F /* instagramLikeApp */,
			);
		};
/* End PBXProject section */

/* Begin PBXResourcesBuildPhase section */
		690E051D28180EB4001B215F /* Resources */ = {
			isa = PBXResourcesBuildPhase;
			buildActionMask = 2147483647;
			files = (
				690E052F28180EB7001B215F /* LaunchScreen.storyboard in Resources */,
				690E052C28180EB7001B215F /* Assets.xcassets in Resources */,
				690E052A28180EB4001B215F /* Main.storyboard in Resources */,
				690E055C28190E71001B215F /* GoogleService-Info.plist in Resources */,
			);
			runOnlyForDeploymentPostprocessing = 0;
		};
/* End PBXResourcesBuildPhase section */

/* Begin PBXShellScriptBuildPhase section */
		C697AFE717AF8DBDD57CD110 /* [CP] Embed Pods Frameworks */ = {
			isa = PBXShellScriptBuildPhase;
			buildActionMask = 2147483647;
			files = (
			);
			inputFileListPaths = (
				"${PODS_ROOT}/Target Support Files/Pods-instagramLikeApp/Pods-instagramLikeApp-frameworks-${CONFIGURATION}-input-files.xcfilelist",
			);
			name = "[CP] Embed Pods Frameworks";
			outputFileListPaths = (
				"${PODS_ROOT}/Target Support Files/Pods-instagramLikeApp/Pods-instagramLikeApp-frameworks-${CONFIGURATION}-output-files.xcfilelist",
			);
			runOnlyForDeploymentPostprocessing = 0;
			shellPath = /bin/sh;
			shellScript = "\"${PODS_ROOT}/Target Support Files/Pods-instagramLikeApp/Pods-instagramLikeApp-frameworks.sh\"\n";
			showEnvVarsInLog = 0;
		};
		E7A6E65637965E48638B3999 /* [CP] Check Pods Manifest.lock */ = {
			isa = PBXShellScriptBuildPhase;
			buildActionMask = 2147483647;
			files = (
			);
			inputFileListPaths = (
			);
			inputPaths = (
				"${PODS_PODFILE_DIR_PATH}/Podfile.lock",
				"${PODS_ROOT}/Manifest.lock",
			);
			name = "[CP] Check Pods Manifest.lock";
			outputFileListPaths = (
			);
			outputPaths = (
				"$(DERIVED_FILE_DIR)/Pods-instagramLikeApp-checkManifestLockResult.txt",
			);
			runOnlyForDeploymentPostprocessing = 0;
			shellPath = /bin/sh;
			shellScript = "diff \"${PODS_PODFILE_DIR_PATH}/Podfile.lock\" \"${PODS_ROOT}/Manifest.lock\" > /dev/null\nif [ $? != 0 ] ; then\n    # print error to STDERR\n    echo \"error: The sandbox is not in sync with the Podfile.lock. Run 'pod install' or update your CocoaPods installation.\" >&2\n    exit 1\nfi\n# This output is used by Xcode 'outputs' to avoid re-running this script phase.\necho \"SUCCESS\" > \"${SCRIPT_OUTPUT_FILE_0}\"\n";
			showEnvVarsInLog = 0;
		};
/* End PBXShellScriptBuildPhase section */

/* Begin PBXSourcesBuildPhase section */
		690E051B28180EB4001B215F /* Sources */ = {
			isa = PBXSourcesBuildPhase;
			buildActionMask = 2147483647;
			files = (
				690E054E28181434001B215F /* EditProfileViewController.swift in Sources */,
				690E054128181101001B215F /* ProfileViewController.swift in Sources */,
				690E055A28181589001B215F /* PublishPostViewController.swift in Sources */,
				690E053D281810C7001B215F /* ExploreViewController.swift in Sources */,
				690E053F281810D7001B215F /* CameraViewController.swift in Sources */,
				690E054A2818123A001B215F /* RegistrationViewController.swift in Sources */,
				690E055828181575001B215F /* PostEditorViewController.swift in Sources */,
				690E056528191D77001B215F /* StorageManager.swift in Sources */,
				690E054C281812F4001B215F /* PostViewController.swift in Sources */,
				690E0561281919D6001B215F /* DatabaseManager.swift in Sources */,
				690E05432818111C001B215F /* NotificationViewController.swift in Sources */,
				690E0556281814FD001B215F /* SearchResultViewController.swift in Sources */,
				690E054828181210001B215F /* LoginViewController.swift in Sources */,
				690E0554281814EA001B215F /* SearchViewController.swift in Sources */,
				690E052728180EB4001B215F /* HomeViewController.swift in Sources */,
				690E056328191BB1001B215F /* AuthManager.swift in Sources */,
				690E052328180EB4001B215F /* AppDelegate.swift in Sources */,
				690E052528180EB4001B215F /* SceneDelegate.swift in Sources */,
				690E0552281814DB001B215F /* ListViewController.swift in Sources */,
				690E055028181443001B215F /* SettingsViewController.swift in Sources */,
			);
			runOnlyForDeploymentPostprocessing = 0;
		};
/* End PBXSourcesBuildPhase section */

/* Begin PBXVariantGroup section */
		690E052828180EB4001B215F /* Main.storyboard */ = {
			isa = PBXVariantGroup;
			children = (
				690E052928180EB4001B215F /* Base */,
			);
			name = Main.storyboard;
			sourceTree = "<group>";
		};
		690E052D28180EB7001B215F /* LaunchScreen.storyboard */ = {
			isa = PBXVariantGroup;
			children = (
				690E052E28180EB7001B215F /* Base */,
			);
			name = LaunchScreen.storyboard;
			sourceTree = "<group>";
		};
/* End PBXVariantGroup section */

/* Begin XCBuildConfiguration section */
		690E053128180EB7001B215F /* Debug */ = {
			isa = XCBuildConfiguration;
			buildSettings = {
				ALWAYS_SEARCH_USER_PATHS = NO;
				CLANG_ANALYZER_NONNULL = YES;
				CLANG_ANALYZER_NUMBER_OBJECT_CONVERSION = YES_AGGRESSIVE;
				CLANG_CXX_LANGUAGE_STANDARD = "gnu++17";
				CLANG_ENABLE_MODULES = YES;
				CLANG_ENABLE_OBJC_ARC = YES;
				CLANG_ENABLE_OBJC_WEAK = YES;
				CLANG_WARN_BLOCK_CAPTURE_AUTORELEASING = YES;
				CLANG_WARN_BOOL_CONVERSION = YES;
				CLANG_WARN_COMMA = YES;
				CLANG_WARN_CONSTANT_CONVERSION = YES;
				CLANG_WARN_DEPRECATED_OBJC_IMPLEMENTATIONS = YES;
				CLANG_WARN_DIRECT_OBJC_ISA_USAGE = YES_ERROR;
				CLANG_WARN_DOCUMENTATION_COMMENTS = YES;
				CLANG_WARN_EMPTY_BODY = YES;
				CLANG_WARN_ENUM_CONVERSION = YES;
				CLANG_WARN_INFINITE_RECURSION = YES;
				CLANG_WARN_INT_CONVERSION = YES;
				CLANG_WARN_NON_LITERAL_NULL_CONVERSION = YES;
				CLANG_WARN_OBJC_IMPLICIT_RETAIN_SELF = YES;
				CLANG_WARN_OBJC_LITERAL_CONVERSION = YES;
				CLANG_WARN_OBJC_ROOT_CLASS = YES_ERROR;
				CLANG_WARN_QUOTED_INCLUDE_IN_FRAMEWORK_HEADER = YES;
				CLANG_WARN_RANGE_LOOP_ANALYSIS = YES;
				CLANG_WARN_STRICT_PROTOTYPES = YES;
				CLANG_WARN_SUSPICIOUS_MOVE = YES;
				CLANG_WARN_UNGUARDED_AVAILABILITY = YES_AGGRESSIVE;
				CLANG_WARN_UNREACHABLE_CODE = YES;
				CLANG_WARN__DUPLICATE_METHOD_MATCH = YES;
				COPY_PHASE_STRIP = NO;
				DEBUG_INFORMATION_FORMAT = dwarf;
				ENABLE_STRICT_OBJC_MSGSEND = YES;
				ENABLE_TESTABILITY = YES;
				GCC_C_LANGUAGE_STANDARD = gnu11;
				GCC_DYNAMIC_NO_PIC = NO;
				GCC_NO_COMMON_BLOCKS = YES;
				GCC_OPTIMIZATION_LEVEL = 0;
				GCC_PREPROCESSOR_DEFINITIONS = (
					"DEBUG=1",
					"$(inherited)",
				);
				GCC_WARN_64_TO_32_BIT_CONVERSION = YES;
				GCC_WARN_ABOUT_RETURN_TYPE = YES_ERROR;
				GCC_WARN_UNDECLARED_SELECTOR = YES;
				GCC_WARN_UNINITIALIZED_AUTOS = YES_AGGRESSIVE;
				GCC_WARN_UNUSED_FUNCTION = YES;
				GCC_WARN_UNUSED_VARIABLE = YES;
				IPHONEOS_DEPLOYMENT_TARGET = 15.4;
				MTL_ENABLE_DEBUG_INFO = INCLUDE_SOURCE;
				MTL_FAST_MATH = YES;
				ONLY_ACTIVE_ARCH = YES;
				SDKROOT = iphoneos;
				SWIFT_ACTIVE_COMPILATION_CONDITIONS = DEBUG;
				SWIFT_OPTIMIZATION_LEVEL = "-Onone";
			};
			name = Debug;
		};
		690E053228180EB7001B215F /* Release */ = {
			isa = XCBuildConfiguration;
			buildSettings = {
				ALWAYS_SEARCH_USER_PATHS = NO;
				CLANG_ANALYZER_NONNULL = YES;
				CLANG_ANALYZER_NUMBER_OBJECT_CONVERSION = YES_AGGRESSIVE;
				CLANG_CXX_LANGUAGE_STANDARD = "gnu++17";
				CLANG_ENABLE_MODULES = YES;
				CLANG_ENABLE_OBJC_ARC = YES;
				CLANG_ENABLE_OBJC_WEAK = YES;
				CLANG_WARN_BLOCK_CAPTURE_AUTORELEASING = YES;
				CLANG_WARN_BOOL_CONVERSION = YES;
				CLANG_WARN_COMMA = YES;
				CLANG_WARN_CONSTANT_CONVERSION = YES;
				CLANG_WARN_DEPRECATED_OBJC_IMPLEMENTATIONS = YES;
				CLANG_WARN_DIRECT_OBJC_ISA_USAGE = YES_ERROR;
				CLANG_WARN_DOCUMENTATION_COMMENTS = YES;
				CLANG_WARN_EMPTY_BODY = YES;
				CLANG_WARN_ENUM_CONVERSION = YES;
				CLANG_WARN_INFINITE_RECURSION = YES;
				CLANG_WARN_INT_CONVERSION = YES;
				CLANG_WARN_NON_LITERAL_NULL_CONVERSION = YES;
				CLANG_WARN_OBJC_IMPLICIT_RETAIN_SELF = YES;
				CLANG_WARN_OBJC_LITERAL_CONVERSION = YES;
				CLANG_WARN_OBJC_ROOT_CLASS = YES_ERROR;
				CLANG_WARN_QUOTED_INCLUDE_IN_FRAMEWORK_HEADER = YES;
				CLANG_WARN_RANGE_LOOP_ANALYSIS = YES;
				CLANG_WARN_STRICT_PROTOTYPES = YES;
				CLANG_WARN_SUSPICIOUS_MOVE = YES;
				CLANG_WARN_UNGUARDED_AVAILABILITY = YES_AGGRESSIVE;
				CLANG_WARN_UNREACHABLE_CODE = YES;
				CLANG_WARN__DUPLICATE_METHOD_MATCH = YES;
				COPY_PHASE_STRIP = NO;
				DEBUG_INFORMATION_FORMAT = "dwarf-with-dsym";
				ENABLE_NS_ASSERTIONS = NO;
				ENABLE_STRICT_OBJC_MSGSEND = YES;
				GCC_C_LANGUAGE_STANDARD = gnu11;
				GCC_NO_COMMON_BLOCKS = YES;
				GCC_WARN_64_TO_32_BIT_CONVERSION = YES;
				GCC_WARN_ABOUT_RETURN_TYPE = YES_ERROR;
				GCC_WARN_UNDECLARED_SELECTOR = YES;
				GCC_WARN_UNINITIALIZED_AUTOS = YES_AGGRESSIVE;
				GCC_WARN_UNUSED_FUNCTION = YES;
				GCC_WARN_UNUSED_VARIABLE = YES;
				IPHONEOS_DEPLOYMENT_TARGET = 15.4;
				MTL_ENABLE_DEBUG_INFO = NO;
				MTL_FAST_MATH = YES;
				SDKROOT = iphoneos;
				SWIFT_COMPILATION_MODE = wholemodule;
				SWIFT_OPTIMIZATION_LEVEL = "-O";
				VALIDATE_PRODUCT = YES;
			};
			name = Release;
		};
		690E053428180EB7001B215F /* Debug */ = {
			isa = XCBuildConfiguration;
			baseConfigurationReference = E464B57A57E544F8AE94AB07 /* Pods-instagramLikeApp.debug.xcconfig */;
			buildSettings = {
				ASSETCATALOG_COMPILER_APPICON_NAME = AppIcon;
				ASSETCATALOG_COMPILER_GLOBAL_ACCENT_COLOR_NAME = AccentColor;
				CODE_SIGN_STYLE = Automatic;
				CURRENT_PROJECT_VERSION = 1;
				DEVELOPMENT_TEAM = G76K6Y3569;
				GENERATE_INFOPLIST_FILE = YES;
				INFOPLIST_FILE = instagramLikeApp/Info.plist;
				INFOPLIST_KEY_UIApplicationSupportsIndirectInputEvents = YES;
				INFOPLIST_KEY_UILaunchStoryboardName = LaunchScreen;
				INFOPLIST_KEY_UIMainStoryboardFile = Main;
				INFOPLIST_KEY_UISupportedInterfaceOrientations_iPad = "UIInterfaceOrientationPortrait UIInterfaceOrientationPortraitUpsideDown UIInterfaceOrientationLandscapeLeft UIInterfaceOrientationLandscapeRight";
				INFOPLIST_KEY_UISupportedInterfaceOrientations_iPhone = "UIInterfaceOrientationPortrait UIInterfaceOrientationLandscapeLeft UIInterfaceOrientationLandscapeRight";
				LD_RUNPATH_SEARCH_PATHS = (
					"$(inherited)",
					"@executable_path/Frameworks",
				);
				MARKETING_VERSION = 1.0;
				PRODUCT_BUNDLE_IDENTIFIER = com.learning.instagramLikeApp;
				PRODUCT_NAME = "$(TARGET_NAME)";
				SWIFT_EMIT_LOC_STRINGS = YES;
				SWIFT_VERSION = 5.0;
				TARGETED_DEVICE_FAMILY = "1,2";
			};
			name = Debug;
		};
		690E053528180EB7001B215F /* Release */ = {
			isa = XCBuildConfiguration;
			baseConfigurationReference = C018DB767A42FD8EA614DA87 /* Pods-instagramLikeApp.release.xcconfig */;
			buildSettings = {
				ASSETCATALOG_COMPILER_APPICON_NAME = AppIcon;
				ASSETCATALOG_COMPILER_GLOBAL_ACCENT_COLOR_NAME = AccentColor;
				CODE_SIGN_STYLE = Automatic;
				CURRENT_PROJECT_VERSION = 1;
				DEVELOPMENT_TEAM = G76K6Y3569;
				GENERATE_INFOPLIST_FILE = YES;
				INFOPLIST_FILE = instagramLikeApp/Info.plist;
				INFOPLIST_KEY_UIApplicationSupportsIndirectInputEvents = YES;
				INFOPLIST_KEY_UILaunchStoryboardName = LaunchScreen;
				INFOPLIST_KEY_UIMainStoryboardFile = Main;
				INFOPLIST_KEY_UISupportedInterfaceOrientations_iPad = "UIInterfaceOrientationPortrait UIInterfaceOrientationPortraitUpsideDown UIInterfaceOrientationLandscapeLeft UIInterfaceOrientationLandscapeRight";
				INFOPLIST_KEY_UISupportedInterfaceOrientations_iPhone = "UIInterfaceOrientationPortrait UIInterfaceOrientationLandscapeLeft UIInterfaceOrientationLandscapeRight";
				LD_RUNPATH_SEARCH_PATHS = (
					"$(inherited)",
					"@executable_path/Frameworks",
				);
				MARKETING_VERSION = 1.0;
				PRODUCT_BUNDLE_IDENTIFIER = com.learning.instagramLikeApp;
				PRODUCT_NAME = "$(TARGET_NAME)";
				SWIFT_EMIT_LOC_STRINGS = YES;
				SWIFT_VERSION = 5.0;
				TARGETED_DEVICE_FAMILY = "1,2";
			};
			name = Release;
		};
/* End XCBuildConfiguration section */

/* Begin XCConfigurationList section */
		690E051A28180EB4001B215F /* Build configuration list for PBXProject "instagramLikeApp" */ = {
			isa = XCConfigurationList;
			buildConfigurations = (
				690E053128180EB7001B215F /* Debug */,
				690E053228180EB7001B215F /* Release */,
			);
			defaultConfigurationIsVisible = 0;
			defaultConfigurationName = Release;
		};
		690E053328180EB7001B215F /* Build configuration list for PBXNativeTarget "instagramLikeApp" */ = {
			isa = XCConfigurationList;
			buildConfigurations = (
				690E053428180EB7001B215F /* Debug */,
				690E053528180EB7001B215F /* Release */,
			);
			defaultConfigurationIsVisible = 0;
			defaultConfigurationName = Release;
		};
/* End XCConfigurationList section */
	};
	rootObject = 690E051728180EB4001B215F /* Project object */;
}
